
Microsoft Visual Studio Solution File, Format Version 12.00
# Visual Studio Version 17
VisualStudioVersion = 17.9.34728.123
MinimumVisualStudioVersion = 10.0.40219.1
Project("{FAE04EC0-301F-11D3-BF4B-00C04F79EFBC}") = "PuntangPanting", "PuntangPanting\PuntangPanting.csproj", "{055D5731-5BFE-421D-99B4-15ABA0536F52}"
EndProject
Global
	GlobalSection(SolutionConfigurationPlatforms) = preSolution
		Debug|Any CPU = Debug|Any CPU
		Release|Any CPU = Release|Any CPU
	EndGlobalSection
	GlobalSection(ProjectConfigurationPlatforms) = postSolution
		{055D5731-5BFE-421D-99B4-15ABA0536F52}.Debug|Any CPU.ActiveCfg = Debug|Any CPU
		{055D5731-5BFE-421D-99B4-15ABA0536F52}.Debug|Any CPU.Build.0 = Debug|Any CPU
		{055D5731-5BFE-421D-99B4-15ABA0536F52}.Release|Any CPU.ActiveCfg = Release|Any CPU
		{055D5731-5BFE-421D-99B4-15ABA0536F52}.Release|Any CPU.Build.0 = Release|Any CPU
	EndGlobalSection
	GlobalSection(SolutionProperties) = preSolution
		HideSolutionNode = FALSE
	EndGlobalSection
	GlobalSection(ExtensibilityGlobals) = postSolution
		SolutionGuid = {21CA1E36-88FB-4F01-A0B1-1C4DB056B566}
	EndGlobalSection
EndGlobal
